
Microsoft Visual Studio Solution File, Format Version 12.00
# Visual Studio Version 17
VisualStudioVersion = 17.13.35825.156
MinimumVisualStudioVersion = 10.0.40219.1
Project("{FAE04EC0-301F-11D3-BF4B-00C04F79EFBC}") = "GrpcService", "GrpcService\GrpcService.csproj", "{514AB408-F352-4C6C-8005-0B1DD2DA380A}"
EndProject
Project("{FAE04EC0-301F-11D3-BF4B-00C04F79EFBC}") = "GrpcClient", "GrpcClient\GrpcClient.csproj", "{00EE27E7-77C4-4FAD-8B73-29EC51274C8E}"
EndProject
Global
	GlobalSection(SolutionConfigurationPlatforms) = preSolution
		Debug|Any CPU = Debug|Any CPU
		Release|Any CPU = Release|Any CPU
	EndGlobalSection
	GlobalSection(ProjectConfigurationPlatforms) = postSolution
		{514AB408-F352-4C6C-8005-0B1DD2DA380A}.Debug|Any CPU.ActiveCfg = Debug|Any CPU
		{514AB408-F352-4C6C-8005-0B1DD2DA380A}.Debug|Any CPU.Build.0 = Debug|Any CPU
		{514AB408-F352-4C6C-8005-0B1DD2DA380A}.Release|Any CPU.ActiveCfg = Release|Any CPU
		{514AB408-F352-4C6C-8005-0B1DD2DA380A}.Release|Any CPU.Build.0 = Release|Any CPU
		{00EE27E7-77C4-4FAD-8B73-29EC51274C8E}.Debug|Any CPU.ActiveCfg = Debug|Any CPU
		{00EE27E7-77C4-4FAD-8B73-29EC51274C8E}.Debug|Any CPU.Build.0 = Debug|Any CPU
		{00EE27E7-77C4-4FAD-8B73-29EC51274C8E}.Release|Any CPU.ActiveCfg = Release|Any CPU
		{00EE27E7-77C4-4FAD-8B73-29EC51274C8E}.Release|Any CPU.Build.0 = Release|Any CPU
	EndGlobalSection
	GlobalSection(SolutionProperties) = preSolution
		HideSolutionNode = FALSE
	EndGlobalSection
	GlobalSection(ExtensibilityGlobals) = postSolution
		SolutionGuid = {CACCC068-BFC9-44D4-9923-036BD15E00F8}
	EndGlobalSection
EndGlobal
